
Microsoft Visual Studio Solution File, Format Version 12.00
# Visual Studio Version 16
VisualStudioVersion = 16.0.31624.102
MinimumVisualStudioVersion = 10.0.40219.1
Project("{FAE04EC0-301F-11D3-BF4B-00C04F79EFBC}") = "Lab1", "Lab1\Lab1.csproj", "{D931EFFB-3C88-49C3-ACE0-BA70E39A3F4B}"
EndProject
Global
	GlobalSection(SolutionConfigurationPlatforms) = preSolution
		Debug|Any CPU = Debug|Any CPU
		Release|Any CPU = Release|Any CPU
	EndGlobalSection
	GlobalSection(ProjectConfigurationPlatforms) = postSolution
		{D931EFFB-3C88-49C3-ACE0-BA70E39A3F4B}.Debug|Any CPU.ActiveCfg = Debug|Any CPU
		{D931EFFB-3C88-49C3-ACE0-BA70E39A3F4B}.Debug|Any CPU.Build.0 = Debug|Any CPU
		{D931EFFB-3C88-49C3-ACE0-BA70E39A3F4B}.Release|Any CPU.ActiveCfg = Release|Any CPU
		{D931EFFB-3C88-49C3-ACE0-BA70E39A3F4B}.Release|Any CPU.Build.0 = Release|Any CPU
	EndGlobalSection
	GlobalSection(SolutionProperties) = preSolution
		HideSolutionNode = FALSE
	EndGlobalSection
	GlobalSection(ExtensibilityGlobals) = postSolution
		SolutionGuid = {D5966E72-C8D8-4254-BFFF-14D3FD5336CD}
	EndGlobalSection
EndGlobal
